
Microsoft Visual Studio Solution File, Format Version 12.00
# Visual Studio Version 17
VisualStudioVersion = 17.4.33213.308
MinimumVisualStudioVersion = 10.0.40219.1
Project("{FAE04EC0-301F-11D3-BF4B-00C04F79EFBC}") = "MATHS_QUIZ", "MATHS_QUIZ\MATHS_QUIZ.csproj", "{97194CCD-91DC-4FC7-A412-A7DC51886A69}"
EndProject
Global
	GlobalSection(SolutionConfigurationPlatforms) = preSolution
		Debug|Any CPU = Debug|Any CPU
		Release|Any CPU = Release|Any CPU
	EndGlobalSection
	GlobalSection(ProjectConfigurationPlatforms) = postSolution
		{97194CCD-91DC-4FC7-A412-A7DC51886A69}.Debug|Any CPU.ActiveCfg = Debug|Any CPU
		{97194CCD-91DC-4FC7-A412-A7DC51886A69}.Debug|Any CPU.Build.0 = Debug|Any CPU
		{97194CCD-91DC-4FC7-A412-A7DC51886A69}.Release|Any CPU.ActiveCfg = Release|Any CPU
		{97194CCD-91DC-4FC7-A412-A7DC51886A69}.Release|Any CPU.Build.0 = Release|Any CPU
	EndGlobalSection
	GlobalSection(SolutionProperties) = preSolution
		HideSolutionNode = FALSE
	EndGlobalSection
	GlobalSection(ExtensibilityGlobals) = postSolution
		SolutionGuid = {99F4DEC4-875C-4086-96C5-8A5B19513F72}
	EndGlobalSection
EndGlobal
